
Microsoft Visual Studio Solution File, Format Version 12.00
# Visual Studio 2013
VisualStudioVersion = 12.0.31101.0
MinimumVisualStudioVersion = 10.0.40219.1
Project("{888888A0-9F3D-457C-B088-3A5042F75D52}") = "receiver", "receiver\receiver.pyproj", "{52D24AFE-CC06-4F2C-9812-17CF0878CB12}"
EndProject
Project("{888888A0-9F3D-457C-B088-3A5042F75D52}") = "channel", "channel\channel.pyproj", "{F65F2F8E-3008-4BBB-A7EE-ED29FED29DBF}"
EndProject
Project("{888888A0-9F3D-457C-B088-3A5042F75D52}") = "sender", "sender\sender.pyproj", "{D3FFC68C-4739-4791-9A2C-4AEEA4EFB289}"
EndProject
Project("{888888A0-9F3D-457C-B088-3A5042F75D52}") = "Packet", "Packet\Packet.pyproj", "{23B3AC06-FDD7-42BD-A6F9-C32831DB3DEA}"
EndProject
Project("{2150E333-8FDC-42A3-9474-1A3956D46DE8}") = "Solution Items", "Solution Items", "{7130C17C-A0C9-442D-8F5C-8C91C799BA22}"
	ProjectSection(SolutionItems) = preProject
		PORTS.txt = PORTS.txt
	EndProjectSection
EndProject
Global
	GlobalSection(SolutionConfigurationPlatforms) = preSolution
		Debug|Any CPU = Debug|Any CPU
		Release|Any CPU = Release|Any CPU
	EndGlobalSection
	GlobalSection(ProjectConfigurationPlatforms) = postSolution
		{52D24AFE-CC06-4F2C-9812-17CF0878CB12}.Debug|Any CPU.ActiveCfg = Debug|Any CPU
		{52D24AFE-CC06-4F2C-9812-17CF0878CB12}.Release|Any CPU.ActiveCfg = Release|Any CPU
		{F65F2F8E-3008-4BBB-A7EE-ED29FED29DBF}.Debug|Any CPU.ActiveCfg = Debug|Any CPU
		{F65F2F8E-3008-4BBB-A7EE-ED29FED29DBF}.Release|Any CPU.ActiveCfg = Release|Any CPU
		{D3FFC68C-4739-4791-9A2C-4AEEA4EFB289}.Debug|Any CPU.ActiveCfg = Debug|Any CPU
		{D3FFC68C-4739-4791-9A2C-4AEEA4EFB289}.Release|Any CPU.ActiveCfg = Release|Any CPU
		{23B3AC06-FDD7-42BD-A6F9-C32831DB3DEA}.Debug|Any CPU.ActiveCfg = Debug|Any CPU
		{23B3AC06-FDD7-42BD-A6F9-C32831DB3DEA}.Release|Any CPU.ActiveCfg = Release|Any CPU
	EndGlobalSection
	GlobalSection(SolutionProperties) = preSolution
		HideSolutionNode = FALSE
	EndGlobalSection
EndGlobal
